
Microsoft Visual Studio Solution File, Format Version 11.00
# Visual Studio 2010
Project("{8BC9CEB8-8B4A-11D0-8D11-00A0C91BC942}") = "libAFoundation", "libAFoundation.vcxproj", "{71D9EE36-310B-45CD-BFD8-173B904FC7BA}"
EndProject
Global
	GlobalSection(SolutionConfigurationPlatforms) = preSolution
		Debug|Win32 = Debug|Win32
		Release|Win32 = Release|Win32
	EndGlobalSection
	GlobalSection(ProjectConfigurationPlatforms) = postSolution
		{71D9EE36-310B-45CD-BFD8-173B904FC7BA}.Debug|Win32.ActiveCfg = Debug|Win32
		{71D9EE36-310B-45CD-BFD8-173B904FC7BA}.Debug|Win32.Build.0 = Debug|Win32
		{71D9EE36-310B-45CD-BFD8-173B904FC7BA}.Release|Win32.ActiveCfg = Release|Win32
		{71D9EE36-310B-45CD-BFD8-173B904FC7BA}.Release|Win32.Build.0 = Release|Win32
	EndGlobalSection
	GlobalSection(SolutionProperties) = preSolution
		HideSolutionNode = FALSE
	EndGlobalSection
EndGlobal
