
Microsoft Visual Studio Solution File, Format Version 11.00
# Visual Studio 2010
Project("{8BC9CEB8-8B4A-11D0-8D11-00A0C91BC942}") = "libAFoundationX86", "libAFoundationX86.vcxproj", "{032CA01B-107B-4D54-ADFC-9458332F8527}"
EndProject
Global
	GlobalSection(SolutionConfigurationPlatforms) = preSolution
		Debug|Win32 = Debug|Win32
		Release|Win32 = Release|Win32
	EndGlobalSection
	GlobalSection(ProjectConfigurationPlatforms) = postSolution
		{032CA01B-107B-4D54-ADFC-9458332F8527}.Debug|Win32.ActiveCfg = Debug|Win32
		{032CA01B-107B-4D54-ADFC-9458332F8527}.Debug|Win32.Build.0 = Debug|Win32
		{032CA01B-107B-4D54-ADFC-9458332F8527}.Release|Win32.ActiveCfg = Release|Win32
		{032CA01B-107B-4D54-ADFC-9458332F8527}.Release|Win32.Build.0 = Release|Win32
	EndGlobalSection
	GlobalSection(SolutionProperties) = preSolution
		HideSolutionNode = FALSE
	EndGlobalSection
EndGlobal
