<?xml version="1.0" encoding="utf-8"?>
<Project ToolsVersion="4.0" xmlns="http://schemas.microsoft.com/developer/msbuild/2003">
  <ItemGroup>
    <Filter Include="Source Files">
      <UniqueIdentifier>{4FC737F1-C7A5-4376-A066-2A32D752A2FF}</UniqueIdentifier>
      <Extensions>cpp;c;cc;cxx;def;odl;idl;hpj;bat;asm;asmx</Extensions>
    </Filter>
    <Filter Include="Header Files">
      <UniqueIdentifier>{93995380-89BD-4b04-88EB-625FBE52EBFB}</UniqueIdentifier>
      <Extensions>h;hpp;hxx;hm;inl;inc;xsd</Extensions>
    </Filter>
    <Filter Include="Resource Files">
      <UniqueIdentifier>{67DA6AB6-F800-4c08-8B7A-83BB121AAD01}</UniqueIdentifier>
      <Extensions>rc;ico;cur;bmp;dlg;rc2;rct;bin;rgs;gif;jpg;jpeg;jpe;resx;tiff;tif;png;wav;mfcribbon-ms</Extensions>
    </Filter>
    <Filter Include="Source Files\libABase">
      <UniqueIdentifier>{bef07cc7-e0e1-4d98-9b01-9bf147bb21cb}</UniqueIdentifier>
    </Filter>
    <Filter Include="Source Files\libACaseClient">
      <UniqueIdentifier>{8f9c0b2b-e0c6-4f1f-af26-30411b0e5d22}</UniqueIdentifier>
    </Filter>
    <Filter Include="Source Files\libAGraphic">
      <UniqueIdentifier>{4462891c-1fc2-4fea-a71c-00ce00f2c0f2}</UniqueIdentifier>
    </Filter>
    <Filter Include="Source Files\libAFoundation">
      <UniqueIdentifier>{3c3ea578-0161-4d6d-8b3e-f52850bb8564}</UniqueIdentifier>
    </Filter>
  </ItemGroup>
  <ItemGroup>
    <None Include="ReadMe.txt" />
  </ItemGroup>
  <ItemGroup>
    <ClInclude Include="..\..\..\..\src\CAdasManagerGWMv2.h">
      <Filter>Source Files</Filter>
    </ClInclude>
    <ClInclude Include="..\..\stdafx.h">
      <Filter>Header Files</Filter>
    </ClInclude>
    <ClInclude Include="..\..\targetver.h">
      <Filter>Header Files</Filter>
    </ClInclude>
    <ClInclude Include="..\..\..\..\..\..\000_Framework\libAFoundation\include\AFoundation.h">
      <Filter>Source Files\libAFoundation</Filter>
    </ClInclude>
    <ClInclude Include="..\..\..\..\..\..\000_Framework\libAFoundation\include\TypeDefine.h">
      <Filter>Source Files\libAFoundation</Filter>
    </ClInclude>
    <ClInclude Include="..\..\..\..\..\..\000_Framework\libAFoundation\include\CEvent.h">
      <Filter>Source Files\libAFoundation</Filter>
    </ClInclude>
    <ClInclude Include="..\..\..\..\..\..\000_Framework\libAFoundation\include\CMessage.h">
      <Filter>Source Files\libAFoundation</Filter>
    </ClInclude>
    <ClInclude Include="..\..\..\..\..\..\000_Framework\libAFoundation\include\CMessageHandler.h">
      <Filter>Source Files\libAFoundation</Filter>
    </ClInclude>
    <ClInclude Include="..\..\..\..\..\..\000_Framework\libAFoundation\include\CMessageQueue.h">
      <Filter>Source Files\libAFoundation</Filter>
    </ClInclude>
    <ClInclude Include="..\..\..\..\..\..\000_Framework\libAFoundation\include\CMQRunnableService.h">
      <Filter>Source Files\libAFoundation</Filter>
    </ClInclude>
    <ClInclude Include="..\..\..\..\..\..\000_Framework\libAFoundation\include\CRunableBase.h">
      <Filter>Source Files\libAFoundation</Filter>
    </ClInclude>
    <ClInclude Include="..\..\..\..\..\..\000_Framework\libAFoundation\include\platformdef.h">
      <Filter>Source Files\libAFoundation</Filter>
    </ClInclude>
    <ClInclude Include="..\..\..\..\..\..\000_Framework\libAFoundation\include\TraceMacros.h">
      <Filter>Source Files\libAFoundation</Filter>
    </ClInclude>
    <ClInclude Include="..\..\..\..\..\..\000_Framework\libABase\src\ADASManager\CAdasManager.h">
      <Filter>Source Files\libABase</Filter>
    </ClInclude>
  </ItemGroup>
  <ItemGroup>
    <ClCompile Include="..\..\..\..\src\CAdasManagerGWMv2.cpp">
      <Filter>Source Files</Filter>
    </ClCompile>
    <ClCompile Include="..\..\..\..\src\main.cpp">
      <Filter>Source Files</Filter>
    </ClCompile>
    <ClCompile Include="..\..\stdafx.cpp">
      <Filter>Source Files</Filter>
    </ClCompile>
    <ClCompile Include="..\..\..\..\..\..\000_Framework\libAFoundation\src\CEvent.cpp">
      <Filter>Source Files\libAFoundation</Filter>
    </ClCompile>
    <ClCompile Include="..\..\..\..\..\..\000_Framework\libAFoundation\src\CMessage.cpp">
      <Filter>Source Files\libAFoundation</Filter>
    </ClCompile>
    <ClCompile Include="..\..\..\..\..\..\000_Framework\libAFoundation\src\CMessageHandler.cpp">
      <Filter>Source Files\libAFoundation</Filter>
    </ClCompile>
    <ClCompile Include="..\..\..\..\..\..\000_Framework\libAFoundation\src\CMessageQueue.cpp">
      <Filter>Source Files\libAFoundation</Filter>
    </ClCompile>
    <ClCompile Include="..\..\..\..\..\..\000_Framework\libAFoundation\src\CMQRunnableService.cpp">
      <Filter>Source Files\libAFoundation</Filter>
    </ClCompile>
    <ClCompile Include="..\..\..\..\..\..\000_Framework\libAFoundation\src\CRunableBase.cpp">
      <Filter>Source Files\libAFoundation</Filter>
    </ClCompile>
    <ClCompile Include="..\..\..\..\..\..\000_Framework\libABase\src\ADASManager\CAdasManager.cpp">
      <Filter>Source Files\libABase</Filter>
    </ClCompile>
  </ItemGroup>
</Project>